
Microsoft Visual Studio Solution File, Format Version 12.00
# Visual Studio Version 16
VisualStudioVersion = 16.0.31402.337
MinimumVisualStudioVersion = 10.0.40219.1
Project("{FAE04EC0-301F-11D3-BF4B-00C04F79EFBC}") = "QuanLySach", "QuanLySach\QuanLySach.csproj", "{712A7E0A-29EE-4AC5-BBF6-990E6BF16314}"
EndProject
Global
	GlobalSection(SolutionConfigurationPlatforms) = preSolution
		Debug|Any CPU = Debug|Any CPU
		Release|Any CPU = Release|Any CPU
	EndGlobalSection
	GlobalSection(ProjectConfigurationPlatforms) = postSolution
		{712A7E0A-29EE-4AC5-BBF6-990E6BF16314}.Debug|Any CPU.ActiveCfg = Debug|Any CPU
		{712A7E0A-29EE-4AC5-BBF6-990E6BF16314}.Debug|Any CPU.Build.0 = Debug|Any CPU
		{712A7E0A-29EE-4AC5-BBF6-990E6BF16314}.Release|Any CPU.ActiveCfg = Release|Any CPU
		{712A7E0A-29EE-4AC5-BBF6-990E6BF16314}.Release|Any CPU.Build.0 = Release|Any CPU
	EndGlobalSection
	GlobalSection(SolutionProperties) = preSolution
		HideSolutionNode = FALSE
	EndGlobalSection
	GlobalSection(ExtensibilityGlobals) = postSolution
		SolutionGuid = {C8A66671-B3D9-4812-87AD-694CD06E7899}
	EndGlobalSection
EndGlobal
